
Microsoft Visual Studio Solution File, Format Version 12.00
# Visual Studio Version 17
VisualStudioVersion = 17.7.34202.233
MinimumVisualStudioVersion = 10.0.40219.1
Project("{9A19103F-16F7-4668-BE54-9A1E7A4F7556}") = "SimpleCMS.Web", "SimpleCMS\SimpleCMS.Web.csproj", "{02DAF741-E0DB-40E2-BDC7-E9668B24719E}"
EndProject
Project("{9A19103F-16F7-4668-BE54-9A1E7A4F7556}") = "SimpleCMS.Data", "SimpleCMS.Data\SimpleCMS.Data.csproj", "{28D7DD37-672F-4830-91EC-7A20B04A78D5}"
EndProject
Project("{9A19103F-16F7-4668-BE54-9A1E7A4F7556}") = "SimpleCMS.Business", "SimpleCMS.Business\SimpleCMS.Business.csproj", "{C303F290-2171-4230-83EB-2FBACFAC0A73}"
EndProject
Project("{FAE04EC0-301F-11D3-BF4B-00C04F79EFBC}") = "SimpleCMS.Admin", "SimpleCMS.Admin\SimpleCMS.Admin.csproj", "{933D39AC-6667-47E0-A26D-63A1EF8D97D1}"
EndProject
Global
	GlobalSection(SolutionConfigurationPlatforms) = preSolution
		Debug|Any CPU = Debug|Any CPU
		Release|Any CPU = Release|Any CPU
	EndGlobalSection
	GlobalSection(ProjectConfigurationPlatforms) = postSolution
		{02DAF741-E0DB-40E2-BDC7-E9668B24719E}.Debug|Any CPU.ActiveCfg = Debug|Any CPU
		{02DAF741-E0DB-40E2-BDC7-E9668B24719E}.Debug|Any CPU.Build.0 = Debug|Any CPU
		{02DAF741-E0DB-40E2-BDC7-E9668B24719E}.Release|Any CPU.ActiveCfg = Release|Any CPU
		{02DAF741-E0DB-40E2-BDC7-E9668B24719E}.Release|Any CPU.Build.0 = Release|Any CPU
		{28D7DD37-672F-4830-91EC-7A20B04A78D5}.Debug|Any CPU.ActiveCfg = Debug|Any CPU
		{28D7DD37-672F-4830-91EC-7A20B04A78D5}.Debug|Any CPU.Build.0 = Debug|Any CPU
		{28D7DD37-672F-4830-91EC-7A20B04A78D5}.Release|Any CPU.ActiveCfg = Release|Any CPU
		{28D7DD37-672F-4830-91EC-7A20B04A78D5}.Release|Any CPU.Build.0 = Release|Any CPU
		{C303F290-2171-4230-83EB-2FBACFAC0A73}.Debug|Any CPU.ActiveCfg = Debug|Any CPU
		{C303F290-2171-4230-83EB-2FBACFAC0A73}.Debug|Any CPU.Build.0 = Debug|Any CPU
		{C303F290-2171-4230-83EB-2FBACFAC0A73}.Release|Any CPU.ActiveCfg = Release|Any CPU
		{C303F290-2171-4230-83EB-2FBACFAC0A73}.Release|Any CPU.Build.0 = Release|Any CPU
		{933D39AC-6667-47E0-A26D-63A1EF8D97D1}.Debug|Any CPU.ActiveCfg = Debug|Any CPU
		{933D39AC-6667-47E0-A26D-63A1EF8D97D1}.Debug|Any CPU.Build.0 = Debug|Any CPU
		{933D39AC-6667-47E0-A26D-63A1EF8D97D1}.Release|Any CPU.ActiveCfg = Release|Any CPU
		{933D39AC-6667-47E0-A26D-63A1EF8D97D1}.Release|Any CPU.Build.0 = Release|Any CPU
	EndGlobalSection
	GlobalSection(SolutionProperties) = preSolution
		HideSolutionNode = FALSE
	EndGlobalSection
	GlobalSection(ExtensibilityGlobals) = postSolution
		SolutionGuid = {4FADFA63-D592-488D-B36D-B3CE5DA07C4C}
	EndGlobalSection
EndGlobal
